{
  "requires": true,
  "lockfileVersion": 1,
  "dependencies": {
    "animate.css": {
      "version": "3.7.0",
      "resolved": "http://registry.npm.taobao.org/animate.css/download/animate.css-3.7.0.tgz",
      "integrity": "sha1-XeJdHuX7oRumoeLE+laPUS631No="
    },
    "desandro-matches-selector": {
      "version": "2.0.2",
      "resolved": "http://registry.npm.taobao.org/desandro-matches-selector/download/desandro-matches-selector-2.0.2.tgz",
      "integrity": "sha1-cXvu1NwT59jzdi9wem1YpndCGOE="
    },
    "ev-emitter": {
      "version": "1.1.1",
      "resolved": "http://registry.npm.taobao.org/ev-emitter/download/ev-emitter-1.1.1.tgz",
      "integrity": "sha1-jxiwzlx2pdGAF/ccCnlcZbkTjyo="
    },
    "fizzy-ui-utils": {
      "version": "2.0.7",
      "resolved": "http://registry.npm.taobao.org/fizzy-ui-utils/download/fizzy-ui-utils-2.0.7.tgz",
      "integrity": "sha1-ffRdzE6zdKCLZdObuaS+7fczBQU=",
      "requires": {
        "desandro-matches-selector": "^2.0.0"
      }
    },
    "get-size": {
      "version": "2.0.3",
      "resolved": "http://registry.npm.taobao.org/get-size/download/get-size-2.0.3.tgz",
      "integrity": "sha1-VKHQJWsg6nrGRlFnViAnaZQa0u8="
    },
    "imagesloaded": {
      "version": "4.1.4",
      "resolved": "http://registry.npm.taobao.org/imagesloaded/download/imagesloaded-4.1.4.tgz",
      "integrity": "sha1-E3bvzRYrt2jDTDcnrInMBAUfPMc=",
      "requires": {
        "ev-emitter": "^1.0.0"
      }
    },
    "masonry-layout": {
      "version": "4.2.2",
      "resolved": "http://registry.npm.taobao.org/masonry-layout/download/masonry-layout-4.2.2.tgz",
      "integrity": "sha1-1XtErxPmAb/NxCPx3YNItVJN40g=",
      "requires": {
        "get-size": "^2.0.2",
        "outlayer": "^2.1.0"
      }
    },
    "outlayer": {
      "version": "2.1.1",
      "resolved": "http://registry.npm.taobao.org/outlayer/download/outlayer-2.1.1.tgz",
      "integrity": "sha1-KYY7beEOpdrf/8rfoNcokHOH6aI=",
      "requires": {
        "ev-emitter": "^1.0.0",
        "fizzy-ui-utils": "^2.0.0",
        "get-size": "^2.0.2"
      }
    },
    "pretty-checkbox": {
      "version": "3.0.3",
      "resolved": "http://registry.npm.taobao.org/pretty-checkbox/download/pretty-checkbox-3.0.3.tgz",
      "integrity": "sha1-1JyAE6j8CO4MLW695FNGS/28Qo4=",
      "dev": true
    },
    "pretty-checkbox-vue": {
      "version": "1.1.9",
      "resolved": "http://registry.npm.taobao.org/pretty-checkbox-vue/download/pretty-checkbox-vue-1.1.9.tgz",
      "integrity": "sha1-LUv8fyDFSg57lLPSBWQdv485D7Q=",
      "dev": true,
      "requires": {
        "pretty-checkbox": "^3.0.3"
      }
    },
    "vue": {
      "version": "2.6.10",
      "resolved": "http://registry.npm.taobao.org/vue/download/vue-2.6.10.tgz",
      "integrity": "sha1-pysaQqTYKnIepDjRtr9V5mGVxjc="
    },
    "vue-masonry": {
      "version": "0.11.7",
      "resolved": "http://registry.npm.taobao.org/vue-masonry/download/vue-masonry-0.11.7.tgz",
      "integrity": "sha1-FMQdIRs0hBnsDZc5lO4wCmN4FGI=",
      "requires": {
        "imagesloaded": "4.1.4",
        "masonry-layout": "^4.2.2",
        "vue": "^2.0.0"
      }
    },
    "vue-waterfall-easy": {
      "version": "2.4.3",
      "resolved": "http://registry.npm.taobao.org/vue-waterfall-easy/download/vue-waterfall-easy-2.4.3.tgz",
      "integrity": "sha1-px1eUe//0pezjK8f/hciqDhALb0="
    }
  }
}
